// !$*UTF8*$!
{
	archiveVersion = 1;
	classes = {
	};
	objectVersion = 56;
	objects = {

/* Begin PBXBuildFile section */
		816649CC2B8E82070066C17D /* EcommerceApp.swift in Sources */ = {isa = PBXBuildFile; fileRef = 816649CB2B8E82070066C17D /* EcommerceApp.swift */; };
		816649CE2B8E82070066C17D /* ContentView.swift in Sources */ = {isa = PBXBuildFile; fileRef = 816649CD2B8E82070066C17D /* ContentView.swift */; };
		816649D02B8E82090066C17D /* Assets.xcassets in Resources */ = {isa = PBXBuildFile; fileRef = 816649CF2B8E82090066C17D /* Assets.xcassets */; };
		816649D32B8E82090066C17D /* Preview Assets.xcassets in Resources */ = {isa = PBXBuildFile; fileRef = 816649D22B8E82090066C17D /* Preview Assets.xcassets */; };
		816649DD2B8E83070066C17D /* product.json in Resources */ = {isa = PBXBuildFile; fileRef = 816649D92B8E83070066C17D /* product.json */; };
		816649DE2B8E83070066C17D /* brand.json in Resources */ = {isa = PBXBuildFile; fileRef = 816649DA2B8E83070066C17D /* brand.json */; };
		816649DF2B8E83070066C17D /* category.json in Resources */ = {isa = PBXBuildFile; fileRef = 816649DB2B8E83070066C17D /* category.json */; };
		816649E02B8E83070066C17D /* player.json in Resources */ = {isa = PBXBuildFile; fileRef = 816649DC2B8E83070066C17D /* player.json */; };
		816649EB2B8F375C0066C17D /* Constant.swift in Sources */ = {isa = PBXBuildFile; fileRef = 816649EA2B8F375C0066C17D /* Constant.swift */; };
		816649ED2B8F389B0066C17D /* FooterView.swift in Sources */ = {isa = PBXBuildFile; fileRef = 816649EC2B8F389B0066C17D /* FooterView.swift */; };
		816649EF2B8F41AB0066C17D /* NavigationBarView.swift in Sources */ = {isa = PBXBuildFile; fileRef = 816649EE2B8F41AB0066C17D /* NavigationBarView.swift */; };
		816649F12B8F441C0066C17D /* LogoView.swift in Sources */ = {isa = PBXBuildFile; fileRef = 816649F02B8F441C0066C17D /* LogoView.swift */; };
		816649F32B8FAD990066C17D /* PlayerModel.swift in Sources */ = {isa = PBXBuildFile; fileRef = 816649F22B8FAD990066C17D /* PlayerModel.swift */; };
		816649F52B8FAE3A0066C17D /* CodableBundleExtension.swift in Sources */ = {isa = PBXBuildFile; fileRef = 816649F42B8FAE3A0066C17D /* CodableBundleExtension.swift */; };
		816649F72B8FAFC40066C17D /* FeaturedItemView.swift in Sources */ = {isa = PBXBuildFile; fileRef = 816649F62B8FAFC40066C17D /* FeaturedItemView.swift */; };
		816649F92B8FB20D0066C17D /* FeaturedTabView.swift in Sources */ = {isa = PBXBuildFile; fileRef = 816649F82B8FB20D0066C17D /* FeaturedTabView.swift */; };
		816649FB2B8FB6980066C17D /* CategoryModel.swift in Sources */ = {isa = PBXBuildFile; fileRef = 816649FA2B8FB6980066C17D /* CategoryModel.swift */; };
		816649FD2B8FB86E0066C17D /* CategoryItemView.swift in Sources */ = {isa = PBXBuildFile; fileRef = 816649FC2B8FB86E0066C17D /* CategoryItemView.swift */; };
		816649FF2B8FBA140066C17D /* CategoryGridView.swift in Sources */ = {isa = PBXBuildFile; fileRef = 816649FE2B8FBA140066C17D /* CategoryGridView.swift */; };
		81664A012B8FC3490066C17D /* SectionView.swift in Sources */ = {isa = PBXBuildFile; fileRef = 81664A002B8FC3490066C17D /* SectionView.swift */; };
		81664A032B8FC9590066C17D /* TitleView.swift in Sources */ = {isa = PBXBuildFile; fileRef = 81664A022B8FC9590066C17D /* TitleView.swift */; };
		81664A052B8FCADB0066C17D /* ProductModel.swift in Sources */ = {isa = PBXBuildFile; fileRef = 81664A042B8FCADB0066C17D /* ProductModel.swift */; };
		81664A072B8FCB5C0066C17D /* ProductItemView.swift in Sources */ = {isa = PBXBuildFile; fileRef = 81664A062B8FCB5C0066C17D /* ProductItemView.swift */; };
		81664A092B8FD2AC0066C17D /* BrandModel.swift in Sources */ = {isa = PBXBuildFile; fileRef = 81664A082B8FD2AC0066C17D /* BrandModel.swift */; };
		81664A0D2B8FD3260066C17D /* BrandItemView.swift in Sources */ = {isa = PBXBuildFile; fileRef = 81664A0C2B8FD3260066C17D /* BrandItemView.swift */; };
		81664A0F2B8FD41F0066C17D /* BrandGridView.swift in Sources */ = {isa = PBXBuildFile; fileRef = 81664A0E2B8FD41F0066C17D /* BrandGridView.swift */; };
		81BEF5852B907D6800F7BA68 /* ProductDetailView.swift in Sources */ = {isa = PBXBuildFile; fileRef = 81BEF5842B907D6800F7BA68 /* ProductDetailView.swift */; };
		81BEF5872B9080D000F7BA68 /* NavigationBarDetails.swift in Sources */ = {isa = PBXBuildFile; fileRef = 81BEF5862B9080D000F7BA68 /* NavigationBarDetails.swift */; };
		81BEF5892B9081E500F7BA68 /* HeaderDetailView.swift in Sources */ = {isa = PBXBuildFile; fileRef = 81BEF5882B9081E500F7BA68 /* HeaderDetailView.swift */; };
		81BEF58B2B9082C800F7BA68 /* TopPartDetailView.swift in Sources */ = {isa = PBXBuildFile; fileRef = 81BEF58A2B9082C800F7BA68 /* TopPartDetailView.swift */; };
		81BEF58D2B90991600F7BA68 /* CustomShape.swift in Sources */ = {isa = PBXBuildFile; fileRef = 81BEF58C2B90991600F7BA68 /* CustomShape.swift */; };
		81BEF58F2B909E6400F7BA68 /* RatingsSizesDetailView.swift in Sources */ = {isa = PBXBuildFile; fileRef = 81BEF58E2B909E6400F7BA68 /* RatingsSizesDetailView.swift */; };
		81BEF5912B90CD2E00F7BA68 /* QuantityFavoriteDetailView.swift in Sources */ = {isa = PBXBuildFile; fileRef = 81BEF5902B90CD2E00F7BA68 /* QuantityFavoriteDetailView.swift */; };
		81BEF5932B90CF5300F7BA68 /* AddToCartDetailView.swift in Sources */ = {isa = PBXBuildFile; fileRef = 81BEF5922B90CF5300F7BA68 /* AddToCartDetailView.swift */; };
		81BEF5952B91046100F7BA68 /* Shop.swift in Sources */ = {isa = PBXBuildFile; fileRef = 81BEF5942B91046100F7BA68 /* Shop.swift */; };
/* End PBXBuildFile section */

/* Begin PBXFileReference section */
		816649C82B8E82070066C17D /* Ecommerce.app */ = {isa = PBXFileReference; explicitFileType = wrapper.application; includeInIndex = 0; path = Ecommerce.app; sourceTree = BUILT_PRODUCTS_DIR; };
		816649CB2B8E82070066C17D /* EcommerceApp.swift */ = {isa = PBXFileReference; lastKnownFileType = sourcecode.swift; path = EcommerceApp.swift; sourceTree = "<group>"; };
		816649CD2B8E82070066C17D /* ContentView.swift */ = {isa = PBXFileReference; lastKnownFileType = sourcecode.swift; path = ContentView.swift; sourceTree = "<group>"; };
		816649CF2B8E82090066C17D /* Assets.xcassets */ = {isa = PBXFileReference; lastKnownFileType = folder.assetcatalog; path = Assets.xcassets; sourceTree = "<group>"; };
		816649D22B8E82090066C17D /* Preview Assets.xcassets */ = {isa = PBXFileReference; lastKnownFileType = folder.assetcatalog; path = "Preview Assets.xcassets"; sourceTree = "<group>"; };
		816649D92B8E83070066C17D /* product.json */ = {isa = PBXFileReference; fileEncoding = 4; lastKnownFileType = text.json; path = product.json; sourceTree = "<group>"; };
		816649DA2B8E83070066C17D /* brand.json */ = {isa = PBXFileReference; fileEncoding = 4; lastKnownFileType = text.json; path = brand.json; sourceTree = "<group>"; };
		816649DB2B8E83070066C17D /* category.json */ = {isa = PBXFileReference; fileEncoding = 4; lastKnownFileType = text.json; path = category.json; sourceTree = "<group>"; };
		816649DC2B8E83070066C17D /* player.json */ = {isa = PBXFileReference; fileEncoding = 4; lastKnownFileType = text.json; path = player.json; sourceTree = "<group>"; };
		816649E22B8E83590066C17D /* Info.plist */ = {isa = PBXFileReference; lastKnownFileType = text.plist; path = Info.plist; sourceTree = "<group>"; };
		816649EA2B8F375C0066C17D /* Constant.swift */ = {isa = PBXFileReference; lastKnownFileType = sourcecode.swift; path = Constant.swift; sourceTree = "<group>"; };
		816649EC2B8F389B0066C17D /* FooterView.swift */ = {isa = PBXFileReference; lastKnownFileType = sourcecode.swift; path = FooterView.swift; sourceTree = "<group>"; };
		816649EE2B8F41AB0066C17D /* NavigationBarView.swift */ = {isa = PBXFileReference; lastKnownFileType = sourcecode.swift; path = NavigationBarView.swift; sourceTree = "<group>"; };
		816649F02B8F441C0066C17D /* LogoView.swift */ = {isa = PBXFileReference; lastKnownFileType = sourcecode.swift; path = LogoView.swift; sourceTree = "<group>"; };
		816649F22B8FAD990066C17D /* PlayerModel.swift */ = {isa = PBXFileReference; lastKnownFileType = sourcecode.swift; path = PlayerModel.swift; sourceTree = "<group>"; };
		816649F42B8FAE3A0066C17D /* CodableBundleExtension.swift */ = {isa = PBXFileReference; lastKnownFileType = sourcecode.swift; path = CodableBundleExtension.swift; sourceTree = "<group>"; };
		816649F62B8FAFC40066C17D /* FeaturedItemView.swift */ = {isa = PBXFileReference; lastKnownFileType = sourcecode.swift; path = FeaturedItemView.swift; sourceTree = "<group>"; };
		816649F82B8FB20D0066C17D /* FeaturedTabView.swift */ = {isa = PBXFileReference; lastKnownFileType = sourcecode.swift; path = FeaturedTabView.swift; sourceTree = "<group>"; };
		816649FA2B8FB6980066C17D /* CategoryModel.swift */ = {isa = PBXFileReference; lastKnownFileType = sourcecode.swift; path = CategoryModel.swift; sourceTree = "<group>"; };
		816649FC2B8FB86E0066C17D /* CategoryItemView.swift */ = {isa = PBXFileReference; lastKnownFileType = sourcecode.swift; path = CategoryItemView.swift; sourceTree = "<group>"; };
		816649FE2B8FBA140066C17D /* CategoryGridView.swift */ = {isa = PBXFileReference; lastKnownFileType = sourcecode.swift; path = CategoryGridView.swift; sourceTree = "<group>"; };
		81664A002B8FC3490066C17D /* SectionView.swift */ = {isa = PBXFileReference; lastKnownFileType = sourcecode.swift; path = SectionView.swift; sourceTree = "<group>"; };
		81664A022B8FC9590066C17D /* TitleView.swift */ = {isa = PBXFileReference; lastKnownFileType = sourcecode.swift; path = TitleView.swift; sourceTree = "<group>"; };
		81664A042B8FCADB0066C17D /* ProductModel.swift */ = {isa = PBXFileReference; lastKnownFileType = sourcecode.swift; path = ProductModel.swift; sourceTree = "<group>"; };
		81664A062B8FCB5C0066C17D /* ProductItemView.swift */ = {isa = PBXFileReference; lastKnownFileType = sourcecode.swift; path = ProductItemView.swift; sourceTree = "<group>"; };
		81664A082B8FD2AC0066C17D /* BrandModel.swift */ = {isa = PBXFileReference; lastKnownFileType = sourcecode.swift; path = BrandModel.swift; sourceTree = "<group>"; };
		81664A0C2B8FD3260066C17D /* BrandItemView.swift */ = {isa = PBXFileReference; lastKnownFileType = sourcecode.swift; path = BrandItemView.swift; sourceTree = "<group>"; };
		81664A0E2B8FD41F0066C17D /* BrandGridView.swift */ = {isa = PBXFileReference; lastKnownFileType = sourcecode.swift; path = BrandGridView.swift; sourceTree = "<group>"; };
		81BEF5842B907D6800F7BA68 /* ProductDetailView.swift */ = {isa = PBXFileReference; lastKnownFileType = sourcecode.swift; path = ProductDetailView.swift; sourceTree = "<group>"; };
		81BEF5862B9080D000F7BA68 /* NavigationBarDetails.swift */ = {isa = PBXFileReference; lastKnownFileType = sourcecode.swift; path = NavigationBarDetails.swift; sourceTree = "<group>"; };
		81BEF5882B9081E500F7BA68 /* HeaderDetailView.swift */ = {isa = PBXFileReference; lastKnownFileType = sourcecode.swift; path = HeaderDetailView.swift; sourceTree = "<group>"; };
		81BEF58A2B9082C800F7BA68 /* TopPartDetailView.swift */ = {isa = PBXFileReference; lastKnownFileType = sourcecode.swift; path = TopPartDetailView.swift; sourceTree = "<group>"; };
		81BEF58C2B90991600F7BA68 /* CustomShape.swift */ = {isa = PBXFileReference; lastKnownFileType = sourcecode.swift; path = CustomShape.swift; sourceTree = "<group>"; };
		81BEF58E2B909E6400F7BA68 /* RatingsSizesDetailView.swift */ = {isa = PBXFileReference; lastKnownFileType = sourcecode.swift; path = RatingsSizesDetailView.swift; sourceTree = "<group>"; };
		81BEF5902B90CD2E00F7BA68 /* QuantityFavoriteDetailView.swift */ = {isa = PBXFileReference; lastKnownFileType = sourcecode.swift; path = QuantityFavoriteDetailView.swift; sourceTree = "<group>"; };
		81BEF5922B90CF5300F7BA68 /* AddToCartDetailView.swift */ = {isa = PBXFileReference; lastKnownFileType = sourcecode.swift; path = AddToCartDetailView.swift; sourceTree = "<group>"; };
		81BEF5942B91046100F7BA68 /* Shop.swift */ = {isa = PBXFileReference; lastKnownFileType = sourcecode.swift; path = Shop.swift; sourceTree = "<group>"; };
/* End PBXFileReference section */

/* Begin PBXFrameworksBuildPhase section */
		816649C52B8E82070066C17D /* Frameworks */ = {
			isa = PBXFrameworksBuildPhase;
			buildActionMask = 2147483647;
			files = (
			);
			runOnlyForDeploymentPostprocessing = 0;
		};
/* End PBXFrameworksBuildPhase section */

/* Begin PBXGroup section */
		816649BF2B8E82070066C17D = {
			isa = PBXGroup;
			children = (
				816649CA2B8E82070066C17D /* Ecommerce */,
				816649C92B8E82070066C17D /* Products */,
			);
			sourceTree = "<group>";
		};
		816649C92B8E82070066C17D /* Products */ = {
			isa = PBXGroup;
			children = (
				816649C82B8E82070066C17D /* Ecommerce.app */,
			);
			name = Products;
			sourceTree = "<group>";
		};
		816649CA2B8E82070066C17D /* Ecommerce */ = {
			isa = PBXGroup;
			children = (
				816649E92B8E84BB0066C17D /* Model */,
				816649E82B8E84B10066C17D /* Extension */,
				816649E72B8E84A80066C17D /* Utility */,
				816649E42B8E84850066C17D /* View */,
				816649E22B8E83590066C17D /* Info.plist */,
				816649E12B8E831C0066C17D /* Data */,
				816649E32B8E847B0066C17D /* App */,
				816649CF2B8E82090066C17D /* Assets.xcassets */,
				816649D12B8E82090066C17D /* Preview Content */,
			);
			path = Ecommerce;
			sourceTree = "<group>";
		};
		816649D12B8E82090066C17D /* Preview Content */ = {
			isa = PBXGroup;
			children = (
				816649D22B8E82090066C17D /* Preview Assets.xcassets */,
			);
			path = "Preview Content";
			sourceTree = "<group>";
		};
		816649E12B8E831C0066C17D /* Data */ = {
			isa = PBXGroup;
			children = (
				816649DA2B8E83070066C17D /* brand.json */,
				816649DB2B8E83070066C17D /* category.json */,
				816649DC2B8E83070066C17D /* player.json */,
				816649D92B8E83070066C17D /* product.json */,
			);
			path = Data;
			sourceTree = "<group>";
		};
		816649E32B8E847B0066C17D /* App */ = {
			isa = PBXGroup;
			children = (
				816649CB2B8E82070066C17D /* EcommerceApp.swift */,
				816649CD2B8E82070066C17D /* ContentView.swift */,
				81BEF5842B907D6800F7BA68 /* ProductDetailView.swift */,
			);
			path = App;
			sourceTree = "<group>";
		};
		816649E42B8E84850066C17D /* View */ = {
			isa = PBXGroup;
			children = (
				816649E62B8E84970066C17D /* Home */,
				816649E52B8E848F0066C17D /* detail */,
			);
			path = View;
			sourceTree = "<group>";
		};
		816649E52B8E848F0066C17D /* detail */ = {
			isa = PBXGroup;
			children = (
				81BEF5862B9080D000F7BA68 /* NavigationBarDetails.swift */,
				81BEF5882B9081E500F7BA68 /* HeaderDetailView.swift */,
				81BEF58A2B9082C800F7BA68 /* TopPartDetailView.swift */,
				81BEF58E2B909E6400F7BA68 /* RatingsSizesDetailView.swift */,
				81BEF5902B90CD2E00F7BA68 /* QuantityFavoriteDetailView.swift */,
				81BEF5922B90CF5300F7BA68 /* AddToCartDetailView.swift */,
			);
			path = detail;
			sourceTree = "<group>";
		};
		816649E62B8E84970066C17D /* Home */ = {
			isa = PBXGroup;
			children = (
				816649EC2B8F389B0066C17D /* FooterView.swift */,
				816649EE2B8F41AB0066C17D /* NavigationBarView.swift */,
				816649F02B8F441C0066C17D /* LogoView.swift */,
				816649F62B8FAFC40066C17D /* FeaturedItemView.swift */,
				816649F82B8FB20D0066C17D /* FeaturedTabView.swift */,
				816649FC2B8FB86E0066C17D /* CategoryItemView.swift */,
				816649FE2B8FBA140066C17D /* CategoryGridView.swift */,
				81664A002B8FC3490066C17D /* SectionView.swift */,
				81664A022B8FC9590066C17D /* TitleView.swift */,
				81664A062B8FCB5C0066C17D /* ProductItemView.swift */,
				81664A0C2B8FD3260066C17D /* BrandItemView.swift */,
				81664A0E2B8FD41F0066C17D /* BrandGridView.swift */,
			);
			path = Home;
			sourceTree = "<group>";
		};
		816649E72B8E84A80066C17D /* Utility */ = {
			isa = PBXGroup;
			children = (
				816649EA2B8F375C0066C17D /* Constant.swift */,
				81BEF58C2B90991600F7BA68 /* CustomShape.swift */,
				81BEF5942B91046100F7BA68 /* Shop.swift */,
			);
			path = Utility;
			sourceTree = "<group>";
		};
		816649E82B8E84B10066C17D /* Extension */ = {
			isa = PBXGroup;
			children = (
				816649F42B8FAE3A0066C17D /* CodableBundleExtension.swift */,
			);
			path = Extension;
			sourceTree = "<group>";
		};
		816649E92B8E84BB0066C17D /* Model */ = {
			isa = PBXGroup;
			children = (
				816649F22B8FAD990066C17D /* PlayerModel.swift */,
				816649FA2B8FB6980066C17D /* CategoryModel.swift */,
				81664A042B8FCADB0066C17D /* ProductModel.swift */,
				81664A082B8FD2AC0066C17D /* BrandModel.swift */,
			);
			path = Model;
			sourceTree = "<group>";
		};
/* End PBXGroup section */

/* Begin PBXNativeTarget section */
		816649C72B8E82070066C17D /* Ecommerce */ = {
			isa = PBXNativeTarget;
			buildConfigurationList = 816649D62B8E82090066C17D /* Build configuration list for PBXNativeTarget "Ecommerce" */;
			buildPhases = (
				816649C42B8E82070066C17D /* Sources */,
				816649C52B8E82070066C17D /* Frameworks */,
				816649C62B8E82070066C17D /* Resources */,
			);
			buildRules = (
			);
			dependencies = (
			);
			name = Ecommerce;
			productName = Ecommerce;
			productReference = 816649C82B8E82070066C17D /* Ecommerce.app */;
			productType = "com.apple.product-type.application";
		};
/* End PBXNativeTarget section */

/* Begin PBXProject section */
		816649C02B8E82070066C17D /* Project object */ = {
			isa = PBXProject;
			attributes = {
				BuildIndependentTargetsInParallel = 1;
				LastSwiftUpdateCheck = 1520;
				LastUpgradeCheck = 1520;
				TargetAttributes = {
					816649C72B8E82070066C17D = {
						CreatedOnToolsVersion = 15.2;
					};
				};
			};
			buildConfigurationList = 816649C32B8E82070066C17D /* Build configuration list for PBXProject "Ecommerce" */;
			compatibilityVersion = "Xcode 14.0";
			developmentRegion = en;
			hasScannedForEncodings = 0;
			knownRegions = (
				en,
				Base,
			);
			mainGroup = 816649BF2B8E82070066C17D;
			productRefGroup = 816649C92B8E82070066C17D /* Products */;
			projectDirPath = "";
			projectRoot = "";
			targets = (
				816649C72B8E82070066C17D /* Ecommerce */,
			);
		};
/* End PBXProject section */

/* Begin PBXResourcesBuildPhase section */
		816649C62B8E82070066C17D /* Resources */ = {
			isa = PBXResourcesBuildPhase;
			buildActionMask = 2147483647;
			files = (
				816649E02B8E83070066C17D /* player.json in Resources */,
				816649D32B8E82090066C17D /* Preview Assets.xcassets in Resources */,
				816649DE2B8E83070066C17D /* brand.json in Resources */,
				816649DF2B8E83070066C17D /* category.json in Resources */,
				816649D02B8E82090066C17D /* Assets.xcassets in Resources */,
				816649DD2B8E83070066C17D /* product.json in Resources */,
			);
			runOnlyForDeploymentPostprocessing = 0;
		};
/* End PBXResourcesBuildPhase section */

/* Begin PBXSourcesBuildPhase section */
		816649C42B8E82070066C17D /* Sources */ = {
			isa = PBXSourcesBuildPhase;
			buildActionMask = 2147483647;
			files = (
				816649F52B8FAE3A0066C17D /* CodableBundleExtension.swift in Sources */,
				81BEF5892B9081E500F7BA68 /* HeaderDetailView.swift in Sources */,
				81BEF58B2B9082C800F7BA68 /* TopPartDetailView.swift in Sources */,
				816649CE2B8E82070066C17D /* ContentView.swift in Sources */,
				81BEF5912B90CD2E00F7BA68 /* QuantityFavoriteDetailView.swift in Sources */,
				816649F12B8F441C0066C17D /* LogoView.swift in Sources */,
				816649ED2B8F389B0066C17D /* FooterView.swift in Sources */,
				816649F72B8FAFC40066C17D /* FeaturedItemView.swift in Sources */,
				81BEF5932B90CF5300F7BA68 /* AddToCartDetailView.swift in Sources */,
				81664A072B8FCB5C0066C17D /* ProductItemView.swift in Sources */,
				81BEF5872B9080D000F7BA68 /* NavigationBarDetails.swift in Sources */,
				81BEF58F2B909E6400F7BA68 /* RatingsSizesDetailView.swift in Sources */,
				81664A0F2B8FD41F0066C17D /* BrandGridView.swift in Sources */,
				816649CC2B8E82070066C17D /* EcommerceApp.swift in Sources */,
				81BEF5852B907D6800F7BA68 /* ProductDetailView.swift in Sources */,
				816649EB2B8F375C0066C17D /* Constant.swift in Sources */,
				816649FF2B8FBA140066C17D /* CategoryGridView.swift in Sources */,
				816649FB2B8FB6980066C17D /* CategoryModel.swift in Sources */,
				816649EF2B8F41AB0066C17D /* NavigationBarView.swift in Sources */,
				81664A012B8FC3490066C17D /* SectionView.swift in Sources */,
				81664A0D2B8FD3260066C17D /* BrandItemView.swift in Sources */,
				816649FD2B8FB86E0066C17D /* CategoryItemView.swift in Sources */,
				816649F92B8FB20D0066C17D /* FeaturedTabView.swift in Sources */,
				81BEF58D2B90991600F7BA68 /* CustomShape.swift in Sources */,
				81BEF5952B91046100F7BA68 /* Shop.swift in Sources */,
				816649F32B8FAD990066C17D /* PlayerModel.swift in Sources */,
				81664A092B8FD2AC0066C17D /* BrandModel.swift in Sources */,
				81664A032B8FC9590066C17D /* TitleView.swift in Sources */,
				81664A052B8FCADB0066C17D /* ProductModel.swift in Sources */,
			);
			runOnlyForDeploymentPostprocessing = 0;
		};
/* End PBXSourcesBuildPhase section */

/* Begin XCBuildConfiguration section */
		816649D42B8E82090066C17D /* Debug */ = {
			isa = XCBuildConfiguration;
			buildSettings = {
				ALWAYS_SEARCH_USER_PATHS = NO;
				ASSETCATALOG_COMPILER_GENERATE_SWIFT_ASSET_SYMBOL_EXTENSIONS = YES;
				CLANG_ANALYZER_NONNULL = YES;
				CLANG_ANALYZER_NUMBER_OBJECT_CONVERSION = YES_AGGRESSIVE;
				CLANG_CXX_LANGUAGE_STANDARD = "gnu++20";
				CLANG_ENABLE_MODULES = YES;
				CLANG_ENABLE_OBJC_ARC = YES;
				CLANG_ENABLE_OBJC_WEAK = YES;
				CLANG_WARN_BLOCK_CAPTURE_AUTORELEASING = YES;
				CLANG_WARN_BOOL_CONVERSION = YES;
				CLANG_WARN_COMMA = YES;
				CLANG_WARN_CONSTANT_CONVERSION = YES;
				CLANG_WARN_DEPRECATED_OBJC_IMPLEMENTATIONS = YES;
				CLANG_WARN_DIRECT_OBJC_ISA_USAGE = YES_ERROR;
				CLANG_WARN_DOCUMENTATION_COMMENTS = YES;
				CLANG_WARN_EMPTY_BODY = YES;
				CLANG_WARN_ENUM_CONVERSION = YES;
				CLANG_WARN_INFINITE_RECURSION = YES;
				CLANG_WARN_INT_CONVERSION = YES;
				CLANG_WARN_NON_LITERAL_NULL_CONVERSION = YES;
				CLANG_WARN_OBJC_IMPLICIT_RETAIN_SELF = YES;
				CLANG_WARN_OBJC_LITERAL_CONVERSION = YES;
				CLANG_WARN_OBJC_ROOT_CLASS = YES_ERROR;
				CLANG_WARN_QUOTED_INCLUDE_IN_FRAMEWORK_HEADER = YES;
				CLANG_WARN_RANGE_LOOP_ANALYSIS = YES;
				CLANG_WARN_STRICT_PROTOTYPES = YES;
				CLANG_WARN_SUSPICIOUS_MOVE = YES;
				CLANG_WARN_UNGUARDED_AVAILABILITY = YES_AGGRESSIVE;
				CLANG_WARN_UNREACHABLE_CODE = YES;
				CLANG_WARN__DUPLICATE_METHOD_MATCH = YES;
				COPY_PHASE_STRIP = NO;
				DEBUG_INFORMATION_FORMAT = dwarf;
				ENABLE_STRICT_OBJC_MSGSEND = YES;
				ENABLE_TESTABILITY = YES;
				ENABLE_USER_SCRIPT_SANDBOXING = YES;
				GCC_C_LANGUAGE_STANDARD = gnu17;
				GCC_DYNAMIC_NO_PIC = NO;
				GCC_NO_COMMON_BLOCKS = YES;
				GCC_OPTIMIZATION_LEVEL = 0;
				GCC_PREPROCESSOR_DEFINITIONS = (
					"DEBUG=1",
					"$(inherited)",
				);
				GCC_WARN_64_TO_32_BIT_CONVERSION = YES;
				GCC_WARN_ABOUT_RETURN_TYPE = YES_ERROR;
				GCC_WARN_UNDECLARED_SELECTOR = YES;
				GCC_WARN_UNINITIALIZED_AUTOS = YES_AGGRESSIVE;
				GCC_WARN_UNUSED_FUNCTION = YES;
				GCC_WARN_UNUSED_VARIABLE = YES;
				IPHONEOS_DEPLOYMENT_TARGET = 17.2;
				LOCALIZATION_PREFERS_STRING_CATALOGS = YES;
				MTL_ENABLE_DEBUG_INFO = INCLUDE_SOURCE;
				MTL_FAST_MATH = YES;
				ONLY_ACTIVE_ARCH = YES;
				SDKROOT = iphoneos;
				SWIFT_ACTIVE_COMPILATION_CONDITIONS = "DEBUG $(inherited)";
				SWIFT_OPTIMIZATION_LEVEL = "-Onone";
			};
			name = Debug;
		};
		816649D52B8E82090066C17D /* Release */ = {
			isa = XCBuildConfiguration;
			buildSettings = {
				ALWAYS_SEARCH_USER_PATHS = NO;
				ASSETCATALOG_COMPILER_GENERATE_SWIFT_ASSET_SYMBOL_EXTENSIONS = YES;
				CLANG_ANALYZER_NONNULL = YES;
				CLANG_ANALYZER_NUMBER_OBJECT_CONVERSION = YES_AGGRESSIVE;
				CLANG_CXX_LANGUAGE_STANDARD = "gnu++20";
				CLANG_ENABLE_MODULES = YES;
				CLANG_ENABLE_OBJC_ARC = YES;
				CLANG_ENABLE_OBJC_WEAK = YES;
				CLANG_WARN_BLOCK_CAPTURE_AUTORELEASING = YES;
				CLANG_WARN_BOOL_CONVERSION = YES;
				CLANG_WARN_COMMA = YES;
				CLANG_WARN_CONSTANT_CONVERSION = YES;
				CLANG_WARN_DEPRECATED_OBJC_IMPLEMENTATIONS = YES;
				CLANG_WARN_DIRECT_OBJC_ISA_USAGE = YES_ERROR;
				CLANG_WARN_DOCUMENTATION_COMMENTS = YES;
				CLANG_WARN_EMPTY_BODY = YES;
				CLANG_WARN_ENUM_CONVERSION = YES;
				CLANG_WARN_INFINITE_RECURSION = YES;
				CLANG_WARN_INT_CONVERSION = YES;
				CLANG_WARN_NON_LITERAL_NULL_CONVERSION = YES;
				CLANG_WARN_OBJC_IMPLICIT_RETAIN_SELF = YES;
				CLANG_WARN_OBJC_LITERAL_CONVERSION = YES;
				CLANG_WARN_OBJC_ROOT_CLASS = YES_ERROR;
				CLANG_WARN_QUOTED_INCLUDE_IN_FRAMEWORK_HEADER = YES;
				CLANG_WARN_RANGE_LOOP_ANALYSIS = YES;
				CLANG_WARN_STRICT_PROTOTYPES = YES;
				CLANG_WARN_SUSPICIOUS_MOVE = YES;
				CLANG_WARN_UNGUARDED_AVAILABILITY = YES_AGGRESSIVE;
				CLANG_WARN_UNREACHABLE_CODE = YES;
				CLANG_WARN__DUPLICATE_METHOD_MATCH = YES;
				COPY_PHASE_STRIP = NO;
				DEBUG_INFORMATION_FORMAT = "dwarf-with-dsym";
				ENABLE_NS_ASSERTIONS = NO;
				ENABLE_STRICT_OBJC_MSGSEND = YES;
				ENABLE_USER_SCRIPT_SANDBOXING = YES;
				GCC_C_LANGUAGE_STANDARD = gnu17;
				GCC_NO_COMMON_BLOCKS = YES;
				GCC_WARN_64_TO_32_BIT_CONVERSION = YES;
				GCC_WARN_ABOUT_RETURN_TYPE = YES_ERROR;
				GCC_WARN_UNDECLARED_SELECTOR = YES;
				GCC_WARN_UNINITIALIZED_AUTOS = YES_AGGRESSIVE;
				GCC_WARN_UNUSED_FUNCTION = YES;
				GCC_WARN_UNUSED_VARIABLE = YES;
				IPHONEOS_DEPLOYMENT_TARGET = 17.2;
				LOCALIZATION_PREFERS_STRING_CATALOGS = YES;
				MTL_ENABLE_DEBUG_INFO = NO;
				MTL_FAST_MATH = YES;
				SDKROOT = iphoneos;
				SWIFT_COMPILATION_MODE = wholemodule;
				VALIDATE_PRODUCT = YES;
			};
			name = Release;
		};
		816649D72B8E82090066C17D /* Debug */ = {
			isa = XCBuildConfiguration;
			buildSettings = {
				ASSETCATALOG_COMPILER_APPICON_NAME = AppIcon;
				ASSETCATALOG_COMPILER_GLOBAL_ACCENT_COLOR_NAME = AccentColor;
				CODE_SIGN_STYLE = Automatic;
				CURRENT_PROJECT_VERSION = 1;
				DEVELOPMENT_ASSET_PATHS = "\"Ecommerce/Preview Content\"";
				ENABLE_PREVIEWS = YES;
				GENERATE_INFOPLIST_FILE = YES;
				INFOPLIST_FILE = Ecommerce/Info.plist;
				INFOPLIST_KEY_UIApplicationSceneManifest_Generation = YES;
				INFOPLIST_KEY_UIApplicationSupportsIndirectInputEvents = YES;
				INFOPLIST_KEY_UISupportedInterfaceOrientations = UIInterfaceOrientationPortrait;
				INFOPLIST_KEY_UISupportedInterfaceOrientations_iPad = "UIInterfaceOrientationLandscapeLeft UIInterfaceOrientationLandscapeRight UIInterfaceOrientationPortrait UIInterfaceOrientationPortraitUpsideDown";
				INFOPLIST_KEY_UIUserInterfaceStyle = Light;
				LD_RUNPATH_SEARCH_PATHS = (
					"$(inherited)",
					"@executable_path/Frameworks",
				);
				MARKETING_VERSION = 1.0;
				PRODUCT_BUNDLE_IDENTIFIER = aoo.Ecommerce;
				PRODUCT_NAME = "$(TARGET_NAME)";
				SWIFT_EMIT_LOC_STRINGS = YES;
				SWIFT_VERSION = 5.0;
				TARGETED_DEVICE_FAMILY = "1,2";
			};
			name = Debug;
		};
		816649D82B8E82090066C17D /* Release */ = {
			isa = XCBuildConfiguration;
			buildSettings = {
				ASSETCATALOG_COMPILER_APPICON_NAME = AppIcon;
				ASSETCATALOG_COMPILER_GLOBAL_ACCENT_COLOR_NAME = AccentColor;
				CODE_SIGN_STYLE = Automatic;
				CURRENT_PROJECT_VERSION = 1;
				DEVELOPMENT_ASSET_PATHS = "\"Ecommerce/Preview Content\"";
				ENABLE_PREVIEWS = YES;
				GENERATE_INFOPLIST_FILE = YES;
				INFOPLIST_FILE = Ecommerce/Info.plist;
				INFOPLIST_KEY_UIApplicationSceneManifest_Generation = YES;
				INFOPLIST_KEY_UIApplicationSupportsIndirectInputEvents = YES;
				INFOPLIST_KEY_UISupportedInterfaceOrientations = UIInterfaceOrientationPortrait;
				INFOPLIST_KEY_UISupportedInterfaceOrientations_iPad = "UIInterfaceOrientationLandscapeLeft UIInterfaceOrientationLandscapeRight UIInterfaceOrientationPortrait UIInterfaceOrientationPortraitUpsideDown";
				INFOPLIST_KEY_UIUserInterfaceStyle = Light;
				LD_RUNPATH_SEARCH_PATHS = (
					"$(inherited)",
					"@executable_path/Frameworks",
				);
				MARKETING_VERSION = 1.0;
				PRODUCT_BUNDLE_IDENTIFIER = aoo.Ecommerce;
				PRODUCT_NAME = "$(TARGET_NAME)";
				SWIFT_EMIT_LOC_STRINGS = YES;
				SWIFT_VERSION = 5.0;
				TARGETED_DEVICE_FAMILY = "1,2";
			};
			name = Release;
		};
/* End XCBuildConfiguration section */

/* Begin XCConfigurationList section */
		816649C32B8E82070066C17D /* Build configuration list for PBXProject "Ecommerce" */ = {
			isa = XCConfigurationList;
			buildConfigurations = (
				816649D42B8E82090066C17D /* Debug */,
				816649D52B8E82090066C17D /* Release */,
			);
			defaultConfigurationIsVisible = 0;
			defaultConfigurationName = Release;
		};
		816649D62B8E82090066C17D /* Build configuration list for PBXNativeTarget "Ecommerce" */ = {
			isa = XCConfigurationList;
			buildConfigurations = (
				816649D72B8E82090066C17D /* Debug */,
				816649D82B8E82090066C17D /* Release */,
			);
			defaultConfigurationIsVisible = 0;
			defaultConfigurationName = Release;
		};
/* End XCConfigurationList section */
	};
	rootObject = 816649C02B8E82070066C17D /* Project object */;
}
